
Microsoft Visual Studio Solution File, Format Version 12.00
# Visual Studio 15
VisualStudioVersion = 15.0.27130.2010
MinimumVisualStudioVersion = 10.0.40219.1
Project("{FAE04EC0-301F-11D3-BF4B-00C04F79EFBC}") = "MultiSourceProject", "MultiSourceProject\MultiSourceProject.csproj", "{0128ABCA-C978-4F95-8303-57F1EEC5B253}"
EndProject
Global
	GlobalSection(SolutionConfigurationPlatforms) = preSolution
		Debug|Any CPU = Debug|Any CPU
		Release|Any CPU = Release|Any CPU
	EndGlobalSection
	GlobalSection(ProjectConfigurationPlatforms) = postSolution
		{0128ABCA-C978-4F95-8303-57F1EEC5B253}.Debug|Any CPU.ActiveCfg = Debug|Any CPU
		{0128ABCA-C978-4F95-8303-57F1EEC5B253}.Debug|Any CPU.Build.0 = Debug|Any CPU
		{0128ABCA-C978-4F95-8303-57F1EEC5B253}.Release|Any CPU.ActiveCfg = Release|Any CPU
		{0128ABCA-C978-4F95-8303-57F1EEC5B253}.Release|Any CPU.Build.0 = Release|Any CPU
	EndGlobalSection
	GlobalSection(SolutionProperties) = preSolution
		HideSolutionNode = FALSE
	EndGlobalSection
	GlobalSection(ExtensibilityGlobals) = postSolution
		SolutionGuid = {AB030EC3-F0A7-4B14-9543-1DA955565A41}
	EndGlobalSection
EndGlobal
